// !$*UTF8*$!
{
	archiveVersion = 1;
	classes = {
	};
	objectVersion = 46;
	objects = {

/* Begin PBXBuildFile section */
		67BBF80715939F18005C3924 /* UIKit.framework in Frameworks */ = {isa = PBXBuildFile; fileRef = 67BBF80615939F18005C3924 /* UIKit.framework */; };
		67BBF80915939F18005C3924 /* Foundation.framework in Frameworks */ = {isa = PBXBuildFile; fileRef = 67BBF80815939F18005C3924 /* Foundation.framework */; };
		67BBF80B15939F18005C3924 /* CoreGraphics.framework in Frameworks */ = {isa = PBXBuildFile; fileRef = 67BBF80A15939F18005C3924 /* CoreGraphics.framework */; };
		67BBF81115939F18005C3924 /* InfoPlist.strings in Resources */ = {isa = PBXBuildFile; fileRef = 67BBF80F15939F18005C3924 /* InfoPlist.strings */; };
		67BBF81315939F18005C3924 /* main.m in Sources */ = {isa = PBXBuildFile; fileRef = 67BBF81215939F18005C3924 /* main.m */; };
		67BBF81715939F18005C3924 /* AppDelegate.m in Sources */ = {isa = PBXBuildFile; fileRef = 67BBF81615939F18005C3924 /* AppDelegate.m */; };
		67BBF81F15939F19005C3924 /* SenTestingKit.framework in Frameworks */ = {isa = PBXBuildFile; fileRef = 67BBF81E15939F19005C3924 /* SenTestingKit.framework */; };
		67BBF82015939F19005C3924 /* UIKit.framework in Frameworks */ = {isa = PBXBuildFile; fileRef = 67BBF80615939F18005C3924 /* UIKit.framework */; };
		67BBF82115939F19005C3924 /* Foundation.framework in Frameworks */ = {isa = PBXBuildFile; fileRef = 67BBF80815939F18005C3924 /* Foundation.framework */; };
		67BBF82915939F19005C3924 /* InfoPlist.strings in Resources */ = {isa = PBXBuildFile; fileRef = 67BBF82715939F19005C3924 /* InfoPlist.strings */; };
		67BBF82C15939F19005C3924 /* Jun21Tests.m in Sources */ = {isa = PBXBuildFile; fileRef = 67BBF82B15939F19005C3924 /* Jun21Tests.m */; };
/* End PBXBuildFile section */

/* Begin PBXContainerItemProxy section */
		67BBF82215939F19005C3924 /* PBXContainerItemProxy */ = {
			isa = PBXContainerItemProxy;
			containerPortal = 67BBF7F915939F18005C3924 /* Project object */;
			proxyType = 1;
			remoteGlobalIDString = 67BBF80115939F18005C3924;
			remoteInfo = Jun21;
		};
/* End PBXContainerItemProxy section */

/* Begin PBXFileReference section */
		67BBF80215939F18005C3924 /* Jun21.app */ = {isa = PBXFileReference; explicitFileType = wrapper.application; includeInIndex = 0; path = Jun21.app; sourceTree = BUILT_PRODUCTS_DIR; };
		67BBF80615939F18005C3924 /* UIKit.framework */ = {isa = PBXFileReference; lastKnownFileType = wrapper.framework; name = UIKit.framework; path = System/Library/Frameworks/UIKit.framework; sourceTree = SDKROOT; };
		67BBF80815939F18005C3924 /* Foundation.framework */ = {isa = PBXFileReference; lastKnownFileType = wrapper.framework; name = Foundation.framework; path = System/Library/Frameworks/Foundation.framework; sourceTree = SDKROOT; };
		67BBF80A15939F18005C3924 /* CoreGraphics.framework */ = {isa = PBXFileReference; lastKnownFileType = wrapper.framework; name = CoreGraphics.framework; path = System/Library/Frameworks/CoreGraphics.framework; sourceTree = SDKROOT; };
		67BBF80E15939F18005C3924 /* Jun21-Info.plist */ = {isa = PBXFileReference; path = "Jun21-Info.plist"; sourceTree = "<group>"; };
		67BBF81015939F18005C3924 /* en */ = {isa = PBXFileReference; lastKnownFileType = text.plist.strings; name = en; path = en.lproj/InfoPlist.strings; sourceTree = "<group>"; };
		67BBF81215939F18005C3924 /* main.m */ = {isa = PBXFileReference; lastKnownFileType = sourcecode.c.objc; path = main.m; sourceTree = "<group>"; };
		67BBF81415939F18005C3924 /* Jun21-Prefix.pch */ = {isa = PBXFileReference; path = "Jun21-Prefix.pch"; sourceTree = "<group>"; };
		67BBF81515939F18005C3924 /* AppDelegate.h */ = {isa = PBXFileReference; path = AppDelegate.h; sourceTree = "<group>"; };
		67BBF81615939F18005C3924 /* AppDelegate.m */ = {isa = PBXFileReference; lastKnownFileType = sourcecode.c.objc; path = AppDelegate.m; sourceTree = "<group>"; };
		67BBF81D15939F19005C3924 /* Jun21Tests.octest */ = {isa = PBXFileReference; explicitFileType = wrapper.cfbundle; includeInIndex = 0; path = Jun21Tests.octest; sourceTree = BUILT_PRODUCTS_DIR; };
		67BBF81E15939F19005C3924 /* SenTestingKit.framework */ = {isa = PBXFileReference; lastKnownFileType = wrapper.framework; name = SenTestingKit.framework; path = Library/Frameworks/SenTestingKit.framework; sourceTree = DEVELOPER_DIR; };
		67BBF82615939F19005C3924 /* Jun21Tests-Info.plist */ = {isa = PBXFileReference; path = "Jun21Tests-Info.plist"; sourceTree = "<group>"; };
		67BBF82815939F19005C3924 /* en */ = {isa = PBXFileReference; lastKnownFileType = text.plist.strings; name = en; path = en.lproj/InfoPlist.strings; sourceTree = "<group>"; };
		67BBF82A15939F19005C3924 /* Jun21Tests.h */ = {isa = PBXFileReference; path = Jun21Tests.h; sourceTree = "<group>"; };
		67BBF82B15939F19005C3924 /* Jun21Tests.m */ = {isa = PBXFileReference; lastKnownFileType = sourcecode.c.objc; path = Jun21Tests.m; sourceTree = "<group>"; };
/* End PBXFileReference section */

/* Begin PBXFrameworksBuildPhase section */
		67BBF7FF15939F18005C3924 /* Frameworks */ = {
			isa = PBXFrameworksBuildPhase;
			buildActionMask = 2147483647;
			files = (
				67BBF80715939F18005C3924 /* UIKit.framework in Frameworks */,
				67BBF80915939F18005C3924 /* Foundation.framework in Frameworks */,
				67BBF80B15939F18005C3924 /* CoreGraphics.framework in Frameworks */,
			);
			runOnlyForDeploymentPostprocessing = 0;
		};
		67BBF81915939F19005C3924 /* Frameworks */ = {
			isa = PBXFrameworksBuildPhase;
			buildActionMask = 2147483647;
			files = (
				67BBF81F15939F19005C3924 /* SenTestingKit.framework in Frameworks */,
				67BBF82015939F19005C3924 /* UIKit.framework in Frameworks */,
				67BBF82115939F19005C3924 /* Foundation.framework in Frameworks */,
			);
			runOnlyForDeploymentPostprocessing = 0;
		};
/* End PBXFrameworksBuildPhase section */

/* Begin PBXGroup section */
		67BBF7F715939F18005C3924 = {
			isa = PBXGroup;
			children = (
				67BBF80C15939F18005C3924 /* Jun21 */,
				67BBF82415939F19005C3924 /* Jun21Tests */,
				67BBF80515939F18005C3924 /* Frameworks */,
				67BBF80315939F18005C3924 /* Products */,
			);
			sourceTree = "<group>";
		};
		67BBF80315939F18005C3924 /* Products */ = {
			isa = PBXGroup;
			children = (
				67BBF80215939F18005C3924 /* Jun21.app */,
				67BBF81D15939F19005C3924 /* Jun21Tests.octest */,
			);
			name = Products;
			sourceTree = "<group>";
		};
		67BBF80515939F18005C3924 /* Frameworks */ = {
			isa = PBXGroup;
			children = (
				67BBF80615939F18005C3924 /* UIKit.framework */,
				67BBF80815939F18005C3924 /* Foundation.framework */,
				67BBF80A15939F18005C3924 /* CoreGraphics.framework */,
				67BBF81E15939F19005C3924 /* SenTestingKit.framework */,
			);
			name = Frameworks;
			sourceTree = "<group>";
		};
		67BBF80C15939F18005C3924 /* Jun21 */ = {
			isa = PBXGroup;
			children = (
				67BBF81515939F18005C3924 /* AppDelegate.h */,
				67BBF81615939F18005C3924 /* AppDelegate.m */,
				67BBF80D15939F18005C3924 /* Supporting Files */,
			);
			path = Jun21;
			sourceTree = "<group>";
		};
		67BBF80D15939F18005C3924 /* Supporting Files */ = {
			isa = PBXGroup;
			children = (
				67BBF80E15939F18005C3924 /* Jun21-Info.plist */,
				67BBF80F15939F18005C3924 /* InfoPlist.strings */,
				67BBF81215939F18005C3924 /* main.m */,
				67BBF81415939F18005C3924 /* Jun21-Prefix.pch */,
			);
			name = "Supporting Files";
			sourceTree = "<group>";
		};
		67BBF82415939F19005C3924 /* Jun21Tests */ = {
			isa = PBXGroup;
			children = (
				67BBF82A15939F19005C3924 /* Jun21Tests.h */,
				67BBF82B15939F19005C3924 /* Jun21Tests.m */,
				67BBF82515939F19005C3924 /* Supporting Files */,
			);
			path = Jun21Tests;
			sourceTree = "<group>";
		};
		67BBF82515939F19005C3924 /* Supporting Files */ = {
			isa = PBXGroup;
			children = (
				67BBF82615939F19005C3924 /* Jun21Tests-Info.plist */,
				67BBF82715939F19005C3924 /* InfoPlist.strings */,
			);
			name = "Supporting Files";
			sourceTree = "<group>";
		};
/* End PBXGroup section */

/* Begin PBXNativeTarget section */
		67BBF80115939F18005C3924 /* Jun21 */ = {
			isa = PBXNativeTarget;
			buildConfigurationList = 67BBF82F15939F19005C3924 /* Build configuration list for PBXNativeTarget "Jun21" */;
			buildPhases = (
				67BBF7FE15939F18005C3924 /* Sources */,
				67BBF7FF15939F18005C3924 /* Frameworks */,
				67BBF80015939F18005C3924 /* Resources */,
			);
			buildRules = (
			);
			dependencies = (
			);
			name = Jun21;
			productName = Jun21;
			productReference = 67BBF80215939F18005C3924 /* Jun21.app */;
			productType = "com.apple.product-type.application";
		};
		67BBF81C15939F19005C3924 /* Jun21Tests */ = {
			isa = PBXNativeTarget;
			buildConfigurationList = 67BBF83215939F19005C3924 /* Build configuration list for PBXNativeTarget "Jun21Tests" */;
			buildPhases = (
				67BBF81815939F19005C3924 /* Sources */,
				67BBF81915939F19005C3924 /* Frameworks */,
				67BBF81A15939F19005C3924 /* Resources */,
				67BBF81B15939F19005C3924 /* ShellScript */,
			);
			buildRules = (
			);
			dependencies = (
				67BBF82315939F19005C3924 /* PBXTargetDependency */,
			);
			name = Jun21Tests;
			productName = Jun21Tests;
			productReference = 67BBF81D15939F19005C3924 /* Jun21Tests.octest */;
			productType = "com.apple.product-type.bundle";
		};
/* End PBXNativeTarget section */

/* Begin PBXProject section */
		67BBF7F915939F18005C3924 /* Project object */ = {
			isa = PBXProject;
			attributes = {
				LastUpgradeCheck = 0430;
				ORGANIZATIONNAME = Concentric;
			};
			buildConfigurationList = 67BBF7FC15939F18005C3924 /* Build configuration list for PBXProject "Jun21" */;
			compatibilityVersion = "Xcode 3.2";
			developmentRegion = English;
			hasScannedForEncodings = 0;
			knownRegions = (
				en,
			);
			mainGroup = 67BBF7F715939F18005C3924;
			productRefGroup = 67BBF80315939F18005C3924 /* Products */;
			projectDirPath = "";
			projectRoot = "";
			targets = (
				67BBF80115939F18005C3924 /* Jun21 */,
				67BBF81C15939F19005C3924 /* Jun21Tests */,
			);
		};
/* End PBXProject section */

/* Begin PBXResourcesBuildPhase section */
		67BBF80015939F18005C3924 /* Resources */ = {
			isa = PBXResourcesBuildPhase;
			buildActionMask = 2147483647;
			files = (
				67BBF81115939F18005C3924 /* InfoPlist.strings in Resources */,
			);
			runOnlyForDeploymentPostprocessing = 0;
		};
		67BBF81A15939F19005C3924 /* Resources */ = {
			isa = PBXResourcesBuildPhase;
			buildActionMask = 2147483647;
			files = (
				67BBF82915939F19005C3924 /* InfoPlist.strings in Resources */,
			);
			runOnlyForDeploymentPostprocessing = 0;
		};
/* End PBXResourcesBuildPhase section */

/* Begin PBXShellScriptBuildPhase section */
		67BBF81B15939F19005C3924 /* ShellScript */ = {
			isa = PBXShellScriptBuildPhase;
			buildActionMask = 2147483647;
			files = (
			);
			inputPaths = (
			);
			outputPaths = (
			);
			runOnlyForDeploymentPostprocessing = 0;
			shellPath = /bin/sh;
			shellScript = "# Run the unit tests in this test bundle.\n\"${SYSTEM_DEVELOPER_DIR}/Tools/RunUnitTests\"\n";
		};
/* End PBXShellScriptBuildPhase section */

/* Begin PBXSourcesBuildPhase section */
		67BBF7FE15939F18005C3924 /* Sources */ = {
			isa = PBXSourcesBuildPhase;
			buildActionMask = 2147483647;
			files = (
				67BBF81315939F18005C3924 /* main.m in Sources */,
				67BBF81715939F18005C3924 /* AppDelegate.m in Sources */,
			);
			runOnlyForDeploymentPostprocessing = 0;
		};
		67BBF81815939F19005C3924 /* Sources */ = {
			isa = PBXSourcesBuildPhase;
			buildActionMask = 2147483647;
			files = (
				67BBF82C15939F19005C3924 /* Jun21Tests.m in Sources */,
			);
			runOnlyForDeploymentPostprocessing = 0;
		};
/* End PBXSourcesBuildPhase section */

/* Begin PBXTargetDependency section */
		67BBF82315939F19005C3924 /* PBXTargetDependency */ = {
			isa = PBXTargetDependency;
			target = 67BBF80115939F18005C3924 /* Jun21 */;
			targetProxy = 67BBF82215939F19005C3924 /* PBXContainerItemProxy */;
		};
/* End PBXTargetDependency section */

/* Begin PBXVariantGroup section */
		67BBF80F15939F18005C3924 /* InfoPlist.strings */ = {
			isa = PBXVariantGroup;
			children = (
				67BBF81015939F18005C3924 /* en */,
			);
			name = InfoPlist.strings;
			sourceTree = "<group>";
		};
		67BBF82715939F19005C3924 /* InfoPlist.strings */ = {
			isa = PBXVariantGroup;
			children = (
				67BBF82815939F19005C3924 /* en */,
			);
			name = InfoPlist.strings;
			sourceTree = "<group>";
		};
/* End PBXVariantGroup section */

/* Begin XCBuildConfiguration section */
		67BBF82D15939F19005C3924 /* Debug */ = {
			isa = XCBuildConfiguration;
			buildSettings = {
				ALWAYS_SEARCH_USER_PATHS = NO;
				ARCHS = "$(ARCHS_STANDARD_32_BIT)";
				CLANG_ENABLE_OBJC_ARC = YES;
				"CODE_SIGN_IDENTITY[sdk=iphoneos*]" = "iPhone Developer";
				COPY_PHASE_STRIP = NO;
				GCC_C_LANGUAGE_STANDARD = gnu99;
				GCC_DYNAMIC_NO_PIC = NO;
				GCC_OPTIMIZATION_LEVEL = 0;
				GCC_PREPROCESSOR_DEFINITIONS = (
					"DEBUG=1",
					"$(inherited)",
				);
				GCC_SYMBOLS_PRIVATE_EXTERN = NO;
				GCC_VERSION = com.apple.compilers.llvm.clang.1_0;
				GCC_WARN_ABOUT_RETURN_TYPE = YES;
				GCC_WARN_UNINITIALIZED_AUTOS = YES;
				GCC_WARN_UNUSED_VARIABLE = YES;
				IPHONEOS_DEPLOYMENT_TARGET = 5.1;
				SDKROOT = iphoneos;
				TARGETED_DEVICE_FAMILY = "1,2";
			};
			name = Debug;
		};
		67BBF82E15939F19005C3924 /* Release */ = {
			isa = XCBuildConfiguration;
			buildSettings = {
				ALWAYS_SEARCH_USER_PATHS = NO;
				ARCHS = "$(ARCHS_STANDARD_32_BIT)";
				CLANG_ENABLE_OBJC_ARC = YES;
				"CODE_SIGN_IDENTITY[sdk=iphoneos*]" = "iPhone Developer";
				COPY_PHASE_STRIP = YES;
				GCC_C_LANGUAGE_STANDARD = gnu99;
				GCC_VERSION = com.apple.compilers.llvm.clang.1_0;
				GCC_WARN_ABOUT_RETURN_TYPE = YES;
				GCC_WARN_UNINITIALIZED_AUTOS = YES;
				GCC_WARN_UNUSED_VARIABLE = YES;
				IPHONEOS_DEPLOYMENT_TARGET = 5.1;
				OTHER_CFLAGS = "-DNS_BLOCK_ASSERTIONS=1";
				SDKROOT = iphoneos;
				TARGETED_DEVICE_FAMILY = "1,2";
				VALIDATE_PRODUCT = YES;
			};
			name = Release;
		};
		67BBF83015939F19005C3924 /* Debug */ = {
			isa = XCBuildConfiguration;
			buildSettings = {
				GCC_PRECOMPILE_PREFIX_HEADER = YES;
				GCC_PREFIX_HEADER = "Jun21/Jun21-Prefix.pch";
				INFOPLIST_FILE = "Jun21/Jun21-Info.plist";
				PRODUCT_NAME = "$(TARGET_NAME)";
				WRAPPER_EXTENSION = app;
			};
			name = Debug;
		};
		67BBF83115939F19005C3924 /* Release */ = {
			isa = XCBuildConfiguration;
			buildSettings = {
				GCC_PRECOMPILE_PREFIX_HEADER = YES;
				GCC_PREFIX_HEADER = "Jun21/Jun21-Prefix.pch";
				INFOPLIST_FILE = "Jun21/Jun21-Info.plist";
				PRODUCT_NAME = "$(TARGET_NAME)";
				WRAPPER_EXTENSION = app;
			};
			name = Release;
		};
		67BBF83315939F19005C3924 /* Debug */ = {
			isa = XCBuildConfiguration;
			buildSettings = {
				BUNDLE_LOADER = "$(BUILT_PRODUCTS_DIR)/Jun21.app/Jun21";
				FRAMEWORK_SEARCH_PATHS = (
					"$(SDKROOT)/Developer/Library/Frameworks",
					"$(DEVELOPER_LIBRARY_DIR)/Frameworks",
				);
				GCC_PRECOMPILE_PREFIX_HEADER = YES;
				GCC_PREFIX_HEADER = "Jun21/Jun21-Prefix.pch";
				INFOPLIST_FILE = "Jun21Tests/Jun21Tests-Info.plist";
				PRODUCT_NAME = "$(TARGET_NAME)";
				TEST_HOST = "$(BUNDLE_LOADER)";
				WRAPPER_EXTENSION = octest;
			};
			name = Debug;
		};
		67BBF83415939F19005C3924 /* Release */ = {
			isa = XCBuildConfiguration;
			buildSettings = {
				BUNDLE_LOADER = "$(BUILT_PRODUCTS_DIR)/Jun21.app/Jun21";
				FRAMEWORK_SEARCH_PATHS = (
					"$(SDKROOT)/Developer/Library/Frameworks",
					"$(DEVELOPER_LIBRARY_DIR)/Frameworks",
				);
				GCC_PRECOMPILE_PREFIX_HEADER = YES;
				GCC_PREFIX_HEADER = "Jun21/Jun21-Prefix.pch";
				INFOPLIST_FILE = "Jun21Tests/Jun21Tests-Info.plist";
				PRODUCT_NAME = "$(TARGET_NAME)";
				TEST_HOST = "$(BUNDLE_LOADER)";
				WRAPPER_EXTENSION = octest;
			};
			name = Release;
		};
/* End XCBuildConfiguration section */

/* Begin XCConfigurationList section */
		67BBF7FC15939F18005C3924 /* Build configuration list for PBXProject "Jun21" */ = {
			isa = XCConfigurationList;
			buildConfigurations = (
				67BBF82D15939F19005C3924 /* Debug */,
				67BBF82E15939F19005C3924 /* Release */,
			);
			defaultConfigurationIsVisible = 0;
			defaultConfigurationName = Release;
		};
		67BBF82F15939F19005C3924 /* Build configuration list for PBXNativeTarget "Jun21" */ = {
			isa = XCConfigurationList;
			buildConfigurations = (
				67BBF83015939F19005C3924 /* Debug */,
				67BBF83115939F19005C3924 /* Release */,
			);
			defaultConfigurationIsVisible = 0;
		};
		67BBF83215939F19005C3924 /* Build configuration list for PBXNativeTarget "Jun21Tests" */ = {
			isa = XCConfigurationList;
			buildConfigurations = (
				67BBF83315939F19005C3924 /* Debug */,
				67BBF83415939F19005C3924 /* Release */,
			);
			defaultConfigurationIsVisible = 0;
		};
/* End XCConfigurationList section */
	};
	rootObject = 67BBF7F915939F18005C3924 /* Project object */;
}
